
Microsoft Visual Studio Solution File, Format Version 12.00
# Visual Studio Version 17
VisualStudioVersion = 17.12.35527.113 d17.12
MinimumVisualStudioVersion = 10.0.40219.1
Project("{FAE04EC0-301F-11D3-BF4B-00C04F79EFBC}") = "Практическая работа 1 Писецкий Полторабатько", "Практическая работа 1 Писецкий Полторабатько\Практическая работа 1 Писецкий Полторабатько.csproj", "{A9E7BC40-47CA-4DB0-9E7C-4C7456F4D908}"
EndProject
Global
	GlobalSection(SolutionConfigurationPlatforms) = preSolution
		Debug|Any CPU = Debug|Any CPU
		Release|Any CPU = Release|Any CPU
	EndGlobalSection
	GlobalSection(ProjectConfigurationPlatforms) = postSolution
		{A9E7BC40-47CA-4DB0-9E7C-4C7456F4D908}.Debug|Any CPU.ActiveCfg = Debug|Any CPU
		{A9E7BC40-47CA-4DB0-9E7C-4C7456F4D908}.Debug|Any CPU.Build.0 = Debug|Any CPU
		{A9E7BC40-47CA-4DB0-9E7C-4C7456F4D908}.Release|Any CPU.ActiveCfg = Release|Any CPU
		{A9E7BC40-47CA-4DB0-9E7C-4C7456F4D908}.Release|Any CPU.Build.0 = Release|Any CPU
	EndGlobalSection
	GlobalSection(SolutionProperties) = preSolution
		HideSolutionNode = FALSE
	EndGlobalSection
EndGlobal
